// !$*UTF8*$!
{
	archiveVersion = 1;
	classes = {
	};
	objectVersion = 55;
	objects = {

/* Begin PBXBuildFile section */
		E00DB52D292D2BC1002E6001 /* ActorInfoHeaderView.swift in Sources */ = {isa = PBXBuildFile; fileRef = E00DB52C292D2BC1002E6001 /* ActorInfoHeaderView.swift */; };
		E00DB52F292D32AF002E6001 /* ActorAboutView.swift in Sources */ = {isa = PBXBuildFile; fileRef = E00DB52E292D32AF002E6001 /* ActorAboutView.swift */; };
		E00DB531292D356C002E6001 /* ActorFactsView.swift in Sources */ = {isa = PBXBuildFile; fileRef = E00DB530292D356C002E6001 /* ActorFactsView.swift */; };
		E02CF8E0292BB39F00BB7587 /* ColorShemeManager.swift in Sources */ = {isa = PBXBuildFile; fileRef = E02CF8DF292BB39F00BB7587 /* ColorShemeManager.swift */; };
		E03B4305292530AD008A1323 /* SimilarFilmsView.swift in Sources */ = {isa = PBXBuildFile; fileRef = E03B4304292530AD008A1323 /* SimilarFilmsView.swift */; };
		E03C6D7A2913F93D00B9D775 /* Movie_InformerApp.swift in Sources */ = {isa = PBXBuildFile; fileRef = E03C6D792913F93D00B9D775 /* Movie_InformerApp.swift */; };
		E03C6D7C2913F93D00B9D775 /* ContentView.swift in Sources */ = {isa = PBXBuildFile; fileRef = E03C6D7B2913F93D00B9D775 /* ContentView.swift */; };
		E03C6D7E2913F93E00B9D775 /* Assets.xcassets in Resources */ = {isa = PBXBuildFile; fileRef = E03C6D7D2913F93E00B9D775 /* Assets.xcassets */; };
		E03C6D812913F93E00B9D775 /* Preview Assets.xcassets in Resources */ = {isa = PBXBuildFile; fileRef = E03C6D802913F93E00B9D775 /* Preview Assets.xcassets */; };
		E03C6D892913FCE000B9D775 /* Realm in Frameworks */ = {isa = PBXBuildFile; productRef = E03C6D882913FCE000B9D775 /* Realm */; };
		E03C6D8B2913FCE000B9D775 /* RealmSwift in Frameworks */ = {isa = PBXBuildFile; productRef = E03C6D8A2913FCE000B9D775 /* RealmSwift */; };
		E0401B70292E50D500790DEC /* RatingViewSmall.swift in Sources */ = {isa = PBXBuildFile; fileRef = E0401B6F292E50D500790DEC /* RatingViewSmall.swift */; };
		E0401B72292E567000790DEC /* ActorInfoView.swift in Sources */ = {isa = PBXBuildFile; fileRef = E0401B71292E567000790DEC /* ActorInfoView.swift */; };
		E056D7C0291BF62200CE2C5A /* FilmResponce.swift in Sources */ = {isa = PBXBuildFile; fileRef = E056D7BF291BF62200CE2C5A /* FilmResponce.swift */; };
		E05EE66F291AC063006856AE /* FilmPreviewRowView.swift in Sources */ = {isa = PBXBuildFile; fileRef = E05EE66E291AC063006856AE /* FilmPreviewRowView.swift */; };
		E0693C2D292CEECB0008D990 /* CacheAsyncImage.swift in Sources */ = {isa = PBXBuildFile; fileRef = E0693C2C292CEECB0008D990 /* CacheAsyncImage.swift */; };
		E0732E99292E3959003D0E85 /* ActorFilmView.swift in Sources */ = {isa = PBXBuildFile; fileRef = E0732E98292E3959003D0E85 /* ActorFilmView.swift */; };
		E0766B1D2923D3EA002FB3BD /* FilmSecondPreviewRowView.swift in Sources */ = {isa = PBXBuildFile; fileRef = E0766B1C2923D3EA002FB3BD /* FilmSecondPreviewRowView.swift */; };
		E0766B202923DCC3002FB3BD /* RatingView.swift in Sources */ = {isa = PBXBuildFile; fileRef = E0766B1F2923DCC3002FB3BD /* RatingView.swift */; };
		E0766B222923E025002FB3BD /* AgeLimitView.swift in Sources */ = {isa = PBXBuildFile; fileRef = E0766B212923E025002FB3BD /* AgeLimitView.swift */; };
		E0766B242923E594002FB3BD /* ButtonView.swift in Sources */ = {isa = PBXBuildFile; fileRef = E0766B232923E594002FB3BD /* ButtonView.swift */; };
		E0766B262923EF57002FB3BD /* FilmInfoHeaderView.swift in Sources */ = {isa = PBXBuildFile; fileRef = E0766B252923EF57002FB3BD /* FilmInfoHeaderView.swift */; };
		E082AF82291A8E7000F78A68 /* FilmsCollectionView.swift in Sources */ = {isa = PBXBuildFile; fileRef = E082AF81291A8E7000F78A68 /* FilmsCollectionView.swift */; };
		E082AF84291A91AD00F78A68 /* FilmsCollectionHeaderView.swift in Sources */ = {isa = PBXBuildFile; fileRef = E082AF83291A91AD00F78A68 /* FilmsCollectionHeaderView.swift */; };
		E082AF86291A970F00F78A68 /* LinearProgressBarView.swift in Sources */ = {isa = PBXBuildFile; fileRef = E082AF85291A970F00F78A68 /* LinearProgressBarView.swift */; };
		E08CC4B5291950F3000EFACF /* FilmsCollection.swift in Sources */ = {isa = PBXBuildFile; fileRef = E08CC4B4291950F3000EFACF /* FilmsCollection.swift */; };
		E08CC4B729195448000EFACF /* FilmsCollectionCellView.swift in Sources */ = {isa = PBXBuildFile; fileRef = E08CC4B629195448000EFACF /* FilmsCollectionCellView.swift */; };
		E08CC4B9291957B3000EFACF /* CircularProgressView.swift in Sources */ = {isa = PBXBuildFile; fileRef = E08CC4B8291957B3000EFACF /* CircularProgressView.swift */; };
		E0A02AA8291912E300CD89EB /* CustomTabBarItem.swift in Sources */ = {isa = PBXBuildFile; fileRef = E0A02AA7291912E300CD89EB /* CustomTabBarItem.swift */; };
		E0A02AAA29191A7300CD89EB /* CustomTabBar.swift in Sources */ = {isa = PBXBuildFile; fileRef = E0A02AA929191A7300CD89EB /* CustomTabBar.swift */; };
		E0A02AAE2919228B00CD89EB /* HomeView.swift in Sources */ = {isa = PBXBuildFile; fileRef = E0A02AAD2919228B00CD89EB /* HomeView.swift */; };
		E0A02AB0291928BF00CD89EB /* ViewRouter.swift in Sources */ = {isa = PBXBuildFile; fileRef = E0A02AAF291928BF00CD89EB /* ViewRouter.swift */; };
		E0AD3FD5291433C900EE2D8C /* Inter-SemiBold.ttf in Resources */ = {isa = PBXBuildFile; fileRef = E0AD3FD1291433C900EE2D8C /* Inter-SemiBold.ttf */; };
		E0AD3FD6291433C900EE2D8C /* Inter-Regular.ttf in Resources */ = {isa = PBXBuildFile; fileRef = E0AD3FD2291433C900EE2D8C /* Inter-Regular.ttf */; };
		E0AD3FD7291433C900EE2D8C /* Inter-Bold.ttf in Resources */ = {isa = PBXBuildFile; fileRef = E0AD3FD3291433C900EE2D8C /* Inter-Bold.ttf */; };
		E0AD3FD8291433C900EE2D8C /* Inter-Medium.ttf in Resources */ = {isa = PBXBuildFile; fileRef = E0AD3FD4291433C900EE2D8C /* Inter-Medium.ttf */; };
		E0D95919292FD46400C2999A /* Extension View + CornerRadius.swift in Sources */ = {isa = PBXBuildFile; fileRef = E0D95918292FD46400C2999A /* Extension View + CornerRadius.swift */; };
		E0D9591B292FDBCF00C2999A /* SearchFilmsActors.swift in Sources */ = {isa = PBXBuildFile; fileRef = E0D9591A292FDBCF00C2999A /* SearchFilmsActors.swift */; };
		E0E6057D29254974009DEBC6 /* TrailerView.swift in Sources */ = {isa = PBXBuildFile; fileRef = E0E6057C29254974009DEBC6 /* TrailerView.swift */; };
		E0F2829829251572008B6822 /* ActorsView.swift in Sources */ = {isa = PBXBuildFile; fileRef = E0F2829729251572008B6822 /* ActorsView.swift */; };
		E0F3D8742924FD1E0071F7CF /* AboutFilmView.swift in Sources */ = {isa = PBXBuildFile; fileRef = E0F3D8732924FD1E0071F7CF /* AboutFilmView.swift */; };
		E0F71EEF2927BC7700E3AEB7 /* FilmInfoView.swift in Sources */ = {isa = PBXBuildFile; fileRef = E0F71EEE2927BC7700E3AEB7 /* FilmInfoView.swift */; };
		E0F71EF12927CB5D00E3AEB7 /* SettingsView.swift in Sources */ = {isa = PBXBuildFile; fileRef = E0F71EF02927CB5D00E3AEB7 /* SettingsView.swift */; };
/* End PBXBuildFile section */

/* Begin PBXFileReference section */
		E00DB52C292D2BC1002E6001 /* ActorInfoHeaderView.swift */ = {isa = PBXFileReference; lastKnownFileType = sourcecode.swift; path = ActorInfoHeaderView.swift; sourceTree = "<group>"; };
		E00DB52E292D32AF002E6001 /* ActorAboutView.swift */ = {isa = PBXFileReference; lastKnownFileType = sourcecode.swift; path = ActorAboutView.swift; sourceTree = "<group>"; };
		E00DB530292D356C002E6001 /* ActorFactsView.swift */ = {isa = PBXFileReference; lastKnownFileType = sourcecode.swift; path = ActorFactsView.swift; sourceTree = "<group>"; };
		E02CF8DF292BB39F00BB7587 /* ColorShemeManager.swift */ = {isa = PBXFileReference; lastKnownFileType = sourcecode.swift; path = ColorShemeManager.swift; sourceTree = "<group>"; };
		E03B4304292530AD008A1323 /* SimilarFilmsView.swift */ = {isa = PBXFileReference; lastKnownFileType = sourcecode.swift; path = SimilarFilmsView.swift; sourceTree = "<group>"; };
		E03C6D762913F93D00B9D775 /* Movie Informer.app */ = {isa = PBXFileReference; explicitFileType = wrapper.application; includeInIndex = 0; path = "Movie Informer.app"; sourceTree = BUILT_PRODUCTS_DIR; };
		E03C6D792913F93D00B9D775 /* Movie_InformerApp.swift */ = {isa = PBXFileReference; lastKnownFileType = sourcecode.swift; path = Movie_InformerApp.swift; sourceTree = "<group>"; };
		E03C6D7B2913F93D00B9D775 /* ContentView.swift */ = {isa = PBXFileReference; lastKnownFileType = sourcecode.swift; path = ContentView.swift; sourceTree = "<group>"; };
		E03C6D7D2913F93E00B9D775 /* Assets.xcassets */ = {isa = PBXFileReference; lastKnownFileType = folder.assetcatalog; path = Assets.xcassets; sourceTree = "<group>"; };
		E03C6D802913F93E00B9D775 /* Preview Assets.xcassets */ = {isa = PBXFileReference; lastKnownFileType = folder.assetcatalog; path = "Preview Assets.xcassets"; sourceTree = "<group>"; };
		E0401B6F292E50D500790DEC /* RatingViewSmall.swift */ = {isa = PBXFileReference; lastKnownFileType = sourcecode.swift; path = RatingViewSmall.swift; sourceTree = "<group>"; };
		E0401B71292E567000790DEC /* ActorInfoView.swift */ = {isa = PBXFileReference; lastKnownFileType = sourcecode.swift; path = ActorInfoView.swift; sourceTree = "<group>"; };
		E056D7BF291BF62200CE2C5A /* FilmResponce.swift */ = {isa = PBXFileReference; lastKnownFileType = sourcecode.swift; path = FilmResponce.swift; sourceTree = "<group>"; };
		E05EE66E291AC063006856AE /* FilmPreviewRowView.swift */ = {isa = PBXFileReference; lastKnownFileType = sourcecode.swift; path = FilmPreviewRowView.swift; sourceTree = "<group>"; };
		E0693C2C292CEECB0008D990 /* CacheAsyncImage.swift */ = {isa = PBXFileReference; lastKnownFileType = sourcecode.swift; path = CacheAsyncImage.swift; sourceTree = "<group>"; };
		E0732E98292E3959003D0E85 /* ActorFilmView.swift */ = {isa = PBXFileReference; lastKnownFileType = sourcecode.swift; path = ActorFilmView.swift; sourceTree = "<group>"; };
		E0766B1C2923D3EA002FB3BD /* FilmSecondPreviewRowView.swift */ = {isa = PBXFileReference; lastKnownFileType = sourcecode.swift; path = FilmSecondPreviewRowView.swift; sourceTree = "<group>"; };
		E0766B1F2923DCC3002FB3BD /* RatingView.swift */ = {isa = PBXFileReference; lastKnownFileType = sourcecode.swift; path = RatingView.swift; sourceTree = "<group>"; };
		E0766B212923E025002FB3BD /* AgeLimitView.swift */ = {isa = PBXFileReference; lastKnownFileType = sourcecode.swift; path = AgeLimitView.swift; sourceTree = "<group>"; };
		E0766B232923E594002FB3BD /* ButtonView.swift */ = {isa = PBXFileReference; lastKnownFileType = sourcecode.swift; path = ButtonView.swift; sourceTree = "<group>"; };
		E0766B252923EF57002FB3BD /* FilmInfoHeaderView.swift */ = {isa = PBXFileReference; lastKnownFileType = sourcecode.swift; path = FilmInfoHeaderView.swift; sourceTree = "<group>"; };
		E082AF81291A8E7000F78A68 /* FilmsCollectionView.swift */ = {isa = PBXFileReference; lastKnownFileType = sourcecode.swift; path = FilmsCollectionView.swift; sourceTree = "<group>"; };
		E082AF83291A91AD00F78A68 /* FilmsCollectionHeaderView.swift */ = {isa = PBXFileReference; lastKnownFileType = sourcecode.swift; path = FilmsCollectionHeaderView.swift; sourceTree = "<group>"; };
		E082AF85291A970F00F78A68 /* LinearProgressBarView.swift */ = {isa = PBXFileReference; lastKnownFileType = sourcecode.swift; path = LinearProgressBarView.swift; sourceTree = "<group>"; };
		E08CC4B4291950F3000EFACF /* FilmsCollection.swift */ = {isa = PBXFileReference; lastKnownFileType = sourcecode.swift; path = FilmsCollection.swift; sourceTree = "<group>"; };
		E08CC4B629195448000EFACF /* FilmsCollectionCellView.swift */ = {isa = PBXFileReference; lastKnownFileType = sourcecode.swift; path = FilmsCollectionCellView.swift; sourceTree = "<group>"; };
		E08CC4B8291957B3000EFACF /* CircularProgressView.swift */ = {isa = PBXFileReference; lastKnownFileType = sourcecode.swift; path = CircularProgressView.swift; sourceTree = "<group>"; };
		E0A02AA7291912E300CD89EB /* CustomTabBarItem.swift */ = {isa = PBXFileReference; lastKnownFileType = sourcecode.swift; path = CustomTabBarItem.swift; sourceTree = "<group>"; };
		E0A02AA929191A7300CD89EB /* CustomTabBar.swift */ = {isa = PBXFileReference; lastKnownFileType = sourcecode.swift; path = CustomTabBar.swift; sourceTree = "<group>"; };
		E0A02AAD2919228B00CD89EB /* HomeView.swift */ = {isa = PBXFileReference; lastKnownFileType = sourcecode.swift; path = HomeView.swift; sourceTree = "<group>"; };
		E0A02AAF291928BF00CD89EB /* ViewRouter.swift */ = {isa = PBXFileReference; lastKnownFileType = sourcecode.swift; path = ViewRouter.swift; sourceTree = "<group>"; };
		E0AD3FD1291433C900EE2D8C /* Inter-SemiBold.ttf */ = {isa = PBXFileReference; lastKnownFileType = file; path = "Inter-SemiBold.ttf"; sourceTree = "<group>"; };
		E0AD3FD2291433C900EE2D8C /* Inter-Regular.ttf */ = {isa = PBXFileReference; lastKnownFileType = file; path = "Inter-Regular.ttf"; sourceTree = "<group>"; };
		E0AD3FD3291433C900EE2D8C /* Inter-Bold.ttf */ = {isa = PBXFileReference; lastKnownFileType = file; path = "Inter-Bold.ttf"; sourceTree = "<group>"; };
		E0AD3FD4291433C900EE2D8C /* Inter-Medium.ttf */ = {isa = PBXFileReference; lastKnownFileType = file; path = "Inter-Medium.ttf"; sourceTree = "<group>"; };
		E0AD3FD9291434A200EE2D8C /* Movie-Informer-Info.plist */ = {isa = PBXFileReference; lastKnownFileType = text.plist; path = "Movie-Informer-Info.plist"; sourceTree = SOURCE_ROOT; };
		E0D95918292FD46400C2999A /* Extension View + CornerRadius.swift */ = {isa = PBXFileReference; fileEncoding = 4; lastKnownFileType = sourcecode.swift; name = "Extension View + CornerRadius.swift"; path = "Movie Informer/Helpers/Extension View + CornerRadius.swift"; sourceTree = SOURCE_ROOT; };
		E0D9591A292FDBCF00C2999A /* SearchFilmsActors.swift */ = {isa = PBXFileReference; lastKnownFileType = sourcecode.swift; path = SearchFilmsActors.swift; sourceTree = "<group>"; };
		E0E6057C29254974009DEBC6 /* TrailerView.swift */ = {isa = PBXFileReference; lastKnownFileType = sourcecode.swift; path = TrailerView.swift; sourceTree = "<group>"; };
		E0F2829729251572008B6822 /* ActorsView.swift */ = {isa = PBXFileReference; lastKnownFileType = sourcecode.swift; path = ActorsView.swift; sourceTree = "<group>"; };
		E0F3D8732924FD1E0071F7CF /* AboutFilmView.swift */ = {isa = PBXFileReference; lastKnownFileType = sourcecode.swift; path = AboutFilmView.swift; sourceTree = "<group>"; };
		E0F71EEE2927BC7700E3AEB7 /* FilmInfoView.swift */ = {isa = PBXFileReference; lastKnownFileType = sourcecode.swift; path = FilmInfoView.swift; sourceTree = "<group>"; };
		E0F71EF02927CB5D00E3AEB7 /* SettingsView.swift */ = {isa = PBXFileReference; lastKnownFileType = sourcecode.swift; path = SettingsView.swift; sourceTree = "<group>"; };
/* End PBXFileReference section */

/* Begin PBXFrameworksBuildPhase section */
		E03C6D732913F93D00B9D775 /* Frameworks */ = {
			isa = PBXFrameworksBuildPhase;
			buildActionMask = 2147483647;
			files = (
				E03C6D8B2913FCE000B9D775 /* RealmSwift in Frameworks */,
				E03C6D892913FCE000B9D775 /* Realm in Frameworks */,
			);
			runOnlyForDeploymentPostprocessing = 0;
		};
/* End PBXFrameworksBuildPhase section */

/* Begin PBXGroup section */
		E00DB52B292D2B80002E6001 /* ActorInfo */ = {
			isa = PBXGroup;
			children = (
				E00DB52C292D2BC1002E6001 /* ActorInfoHeaderView.swift */,
				E00DB52E292D32AF002E6001 /* ActorAboutView.swift */,
				E00DB530292D356C002E6001 /* ActorFactsView.swift */,
				E0732E98292E3959003D0E85 /* ActorFilmView.swift */,
				E0401B6F292E50D500790DEC /* RatingViewSmall.swift */,
			);
			path = ActorInfo;
			sourceTree = "<group>";
		};
		E03C6D6D2913F93D00B9D775 = {
			isa = PBXGroup;
			children = (
				E03C6D782913F93D00B9D775 /* Movie Informer */,
				E03C6D772913F93D00B9D775 /* Products */,
			);
			sourceTree = "<group>";
		};
		E03C6D772913F93D00B9D775 /* Products */ = {
			isa = PBXGroup;
			children = (
				E03C6D762913F93D00B9D775 /* Movie Informer.app */,
			);
			name = Products;
			sourceTree = "<group>";
		};
		E03C6D782913F93D00B9D775 /* Movie Informer */ = {
			isa = PBXGroup;
			children = (
				E08CC4B329195082000EFACF /* Models */,
				E0A02AA6291912AF00CD89EB /* Components */,
				E09FE2C929190DA100F817EB /* Helpers */,
				E0AD3FD9291434A200EE2D8C /* Movie-Informer-Info.plist */,
				E03C6D792913F93D00B9D775 /* Movie_InformerApp.swift */,
				E03C6D7B2913F93D00B9D775 /* ContentView.swift */,
				E0A02AAD2919228B00CD89EB /* HomeView.swift */,
				E0F71EEE2927BC7700E3AEB7 /* FilmInfoView.swift */,
				E082AF81291A8E7000F78A68 /* FilmsCollectionView.swift */,
				E03C6D7D2913F93E00B9D775 /* Assets.xcassets */,
				E0AD3FD02914339800EE2D8C /* Fonts */,
				E03C6D7F2913F93E00B9D775 /* Preview Content */,
				E0F71EF02927CB5D00E3AEB7 /* SettingsView.swift */,
				E0401B71292E567000790DEC /* ActorInfoView.swift */,
				E0D9591A292FDBCF00C2999A /* SearchFilmsActors.swift */,
			);
			path = "Movie Informer";
			sourceTree = "<group>";
		};
		E03C6D7F2913F93E00B9D775 /* Preview Content */ = {
			isa = PBXGroup;
			children = (
				E03C6D802913F93E00B9D775 /* Preview Assets.xcassets */,
			);
			path = "Preview Content";
			sourceTree = "<group>";
		};
		E0766B1E2923DC89002FB3BD /* FilmInfo */ = {
			isa = PBXGroup;
			children = (
				E0766B1F2923DCC3002FB3BD /* RatingView.swift */,
				E0766B212923E025002FB3BD /* AgeLimitView.swift */,
				E0766B232923E594002FB3BD /* ButtonView.swift */,
				E0766B252923EF57002FB3BD /* FilmInfoHeaderView.swift */,
				E0F3D8732924FD1E0071F7CF /* AboutFilmView.swift */,
				E0F2829729251572008B6822 /* ActorsView.swift */,
				E03B4304292530AD008A1323 /* SimilarFilmsView.swift */,
			);
			path = FilmInfo;
			sourceTree = "<group>";
		};
		E08CC4B329195082000EFACF /* Models */ = {
			isa = PBXGroup;
			children = (
				E08CC4B4291950F3000EFACF /* FilmsCollection.swift */,
				E056D7BF291BF62200CE2C5A /* FilmResponce.swift */,
			);
			path = Models;
			sourceTree = "<group>";
		};
		E09FE2C929190DA100F817EB /* Helpers */ = {
			isa = PBXGroup;
			children = (
				E0D95918292FD46400C2999A /* Extension View + CornerRadius.swift */,
				E0A02AAF291928BF00CD89EB /* ViewRouter.swift */,
				E0E6057C29254974009DEBC6 /* TrailerView.swift */,
				E02CF8DF292BB39F00BB7587 /* ColorShemeManager.swift */,
				E0693C2C292CEECB0008D990 /* CacheAsyncImage.swift */,
			);
			path = Helpers;
			sourceTree = "<group>";
		};
		E0A02AA6291912AF00CD89EB /* Components */ = {
			isa = PBXGroup;
			children = (
				E00DB52B292D2B80002E6001 /* ActorInfo */,
				E0766B1E2923DC89002FB3BD /* FilmInfo */,
				E0A02AA7291912E300CD89EB /* CustomTabBarItem.swift */,
				E0A02AA929191A7300CD89EB /* CustomTabBar.swift */,
				E08CC4B629195448000EFACF /* FilmsCollectionCellView.swift */,
				E08CC4B8291957B3000EFACF /* CircularProgressView.swift */,
				E082AF85291A970F00F78A68 /* LinearProgressBarView.swift */,
				E082AF83291A91AD00F78A68 /* FilmsCollectionHeaderView.swift */,
				E05EE66E291AC063006856AE /* FilmPreviewRowView.swift */,
				E0766B1C2923D3EA002FB3BD /* FilmSecondPreviewRowView.swift */,
			);
			path = Components;
			sourceTree = "<group>";
		};
		E0AD3FD02914339800EE2D8C /* Fonts */ = {
			isa = PBXGroup;
			children = (
				E0AD3FD3291433C900EE2D8C /* Inter-Bold.ttf */,
				E0AD3FD1291433C900EE2D8C /* Inter-SemiBold.ttf */,
				E0AD3FD4291433C900EE2D8C /* Inter-Medium.ttf */,
				E0AD3FD2291433C900EE2D8C /* Inter-Regular.ttf */,
			);
			path = Fonts;
			sourceTree = "<group>";
		};
/* End PBXGroup section */

/* Begin PBXNativeTarget section */
		E03C6D752913F93D00B9D775 /* Movie Informer */ = {
			isa = PBXNativeTarget;
			buildConfigurationList = E03C6D842913F93E00B9D775 /* Build configuration list for PBXNativeTarget "Movie Informer" */;
			buildPhases = (
				E03C6D722913F93D00B9D775 /* Sources */,
				E03C6D732913F93D00B9D775 /* Frameworks */,
				E03C6D742913F93D00B9D775 /* Resources */,
			);
			buildRules = (
			);
			dependencies = (
			);
			name = "Movie Informer";
			packageProductDependencies = (
				E03C6D882913FCE000B9D775 /* Realm */,
				E03C6D8A2913FCE000B9D775 /* RealmSwift */,
			);
			productName = "Movie Informer";
			productReference = E03C6D762913F93D00B9D775 /* Movie Informer.app */;
			productType = "com.apple.product-type.application";
		};
/* End PBXNativeTarget section */

/* Begin PBXProject section */
		E03C6D6E2913F93D00B9D775 /* Project object */ = {
			isa = PBXProject;
			attributes = {
				BuildIndependentTargetsInParallel = 1;
				LastSwiftUpdateCheck = 1320;
				LastUpgradeCheck = 1320;
				TargetAttributes = {
					E03C6D752913F93D00B9D775 = {
						CreatedOnToolsVersion = 13.2.1;
					};
				};
			};
			buildConfigurationList = E03C6D712913F93D00B9D775 /* Build configuration list for PBXProject "Movie Informer" */;
			compatibilityVersion = "Xcode 13.0";
			developmentRegion = en;
			hasScannedForEncodings = 0;
			knownRegions = (
				en,
				Base,
			);
			mainGroup = E03C6D6D2913F93D00B9D775;
			packageReferences = (
				E03C6D872913FCE000B9D775 /* XCRemoteSwiftPackageReference "realm-swift" */,
			);
			productRefGroup = E03C6D772913F93D00B9D775 /* Products */;
			projectDirPath = "";
			projectRoot = "";
			targets = (
				E03C6D752913F93D00B9D775 /* Movie Informer */,
			);
		};
/* End PBXProject section */

/* Begin PBXResourcesBuildPhase section */
		E03C6D742913F93D00B9D775 /* Resources */ = {
			isa = PBXResourcesBuildPhase;
			buildActionMask = 2147483647;
			files = (
				E0AD3FD5291433C900EE2D8C /* Inter-SemiBold.ttf in Resources */,
				E0AD3FD7291433C900EE2D8C /* Inter-Bold.ttf in Resources */,
				E0AD3FD8291433C900EE2D8C /* Inter-Medium.ttf in Resources */,
				E03C6D812913F93E00B9D775 /* Preview Assets.xcassets in Resources */,
				E0AD3FD6291433C900EE2D8C /* Inter-Regular.ttf in Resources */,
				E03C6D7E2913F93E00B9D775 /* Assets.xcassets in Resources */,
			);
			runOnlyForDeploymentPostprocessing = 0;
		};
/* End PBXResourcesBuildPhase section */

/* Begin PBXSourcesBuildPhase section */
		E03C6D722913F93D00B9D775 /* Sources */ = {
			isa = PBXSourcesBuildPhase;
			buildActionMask = 2147483647;
			files = (
				E0E6057D29254974009DEBC6 /* TrailerView.swift in Sources */,
				E0766B242923E594002FB3BD /* ButtonView.swift in Sources */,
				E056D7C0291BF62200CE2C5A /* FilmResponce.swift in Sources */,
				E00DB52D292D2BC1002E6001 /* ActorInfoHeaderView.swift in Sources */,
				E0A02AAA29191A7300CD89EB /* CustomTabBar.swift in Sources */,
				E0766B1D2923D3EA002FB3BD /* FilmSecondPreviewRowView.swift in Sources */,
				E0693C2D292CEECB0008D990 /* CacheAsyncImage.swift in Sources */,
				E0A02AB0291928BF00CD89EB /* ViewRouter.swift in Sources */,
				E02CF8E0292BB39F00BB7587 /* ColorShemeManager.swift in Sources */,
				E03C6D7C2913F93D00B9D775 /* ContentView.swift in Sources */,
				E0732E99292E3959003D0E85 /* ActorFilmView.swift in Sources */,
				E0A02AA8291912E300CD89EB /* CustomTabBarItem.swift in Sources */,
				E03B4305292530AD008A1323 /* SimilarFilmsView.swift in Sources */,
				E0D95919292FD46400C2999A /* Extension View + CornerRadius.swift in Sources */,
				E05EE66F291AC063006856AE /* FilmPreviewRowView.swift in Sources */,
				E0A02AAE2919228B00CD89EB /* HomeView.swift in Sources */,
				E082AF84291A91AD00F78A68 /* FilmsCollectionHeaderView.swift in Sources */,
				E0F2829829251572008B6822 /* ActorsView.swift in Sources */,
				E08CC4B729195448000EFACF /* FilmsCollectionCellView.swift in Sources */,
				E0401B72292E567000790DEC /* ActorInfoView.swift in Sources */,
				E0766B262923EF57002FB3BD /* FilmInfoHeaderView.swift in Sources */,
				E00DB52F292D32AF002E6001 /* ActorAboutView.swift in Sources */,
				E0766B222923E025002FB3BD /* AgeLimitView.swift in Sources */,
				E00DB531292D356C002E6001 /* ActorFactsView.swift in Sources */,
				E03C6D7A2913F93D00B9D775 /* Movie_InformerApp.swift in Sources */,
				E082AF82291A8E7000F78A68 /* FilmsCollectionView.swift in Sources */,
				E0F3D8742924FD1E0071F7CF /* AboutFilmView.swift in Sources */,
				E0F71EEF2927BC7700E3AEB7 /* FilmInfoView.swift in Sources */,
				E0D9591B292FDBCF00C2999A /* SearchFilmsActors.swift in Sources */,
				E0F71EF12927CB5D00E3AEB7 /* SettingsView.swift in Sources */,
				E08CC4B9291957B3000EFACF /* CircularProgressView.swift in Sources */,
				E0401B70292E50D500790DEC /* RatingViewSmall.swift in Sources */,
				E082AF86291A970F00F78A68 /* LinearProgressBarView.swift in Sources */,
				E0766B202923DCC3002FB3BD /* RatingView.swift in Sources */,
				E08CC4B5291950F3000EFACF /* FilmsCollection.swift in Sources */,
			);
			runOnlyForDeploymentPostprocessing = 0;
		};
/* End PBXSourcesBuildPhase section */

/* Begin XCBuildConfiguration section */
		E03C6D822913F93E00B9D775 /* Debug */ = {
			isa = XCBuildConfiguration;
			buildSettings = {
				ALWAYS_SEARCH_USER_PATHS = NO;
				CLANG_ANALYZER_NONNULL = YES;
				CLANG_ANALYZER_NUMBER_OBJECT_CONVERSION = YES_AGGRESSIVE;
				CLANG_CXX_LANGUAGE_STANDARD = "gnu++17";
				CLANG_CXX_LIBRARY = "libc++";
				CLANG_ENABLE_MODULES = YES;
				CLANG_ENABLE_OBJC_ARC = YES;
				CLANG_ENABLE_OBJC_WEAK = YES;
				CLANG_WARN_BLOCK_CAPTURE_AUTORELEASING = YES;
				CLANG_WARN_BOOL_CONVERSION = YES;
				CLANG_WARN_COMMA = YES;
				CLANG_WARN_CONSTANT_CONVERSION = YES;
				CLANG_WARN_DEPRECATED_OBJC_IMPLEMENTATIONS = YES;
				CLANG_WARN_DIRECT_OBJC_ISA_USAGE = YES_ERROR;
				CLANG_WARN_DOCUMENTATION_COMMENTS = YES;
				CLANG_WARN_EMPTY_BODY = YES;
				CLANG_WARN_ENUM_CONVERSION = YES;
				CLANG_WARN_INFINITE_RECURSION = YES;
				CLANG_WARN_INT_CONVERSION = YES;
				CLANG_WARN_NON_LITERAL_NULL_CONVERSION = YES;
				CLANG_WARN_OBJC_IMPLICIT_RETAIN_SELF = YES;
				CLANG_WARN_OBJC_LITERAL_CONVERSION = YES;
				CLANG_WARN_OBJC_ROOT_CLASS = YES_ERROR;
				CLANG_WARN_QUOTED_INCLUDE_IN_FRAMEWORK_HEADER = YES;
				CLANG_WARN_RANGE_LOOP_ANALYSIS = YES;
				CLANG_WARN_STRICT_PROTOTYPES = YES;
				CLANG_WARN_SUSPICIOUS_MOVE = YES;
				CLANG_WARN_UNGUARDED_AVAILABILITY = YES_AGGRESSIVE;
				CLANG_WARN_UNREACHABLE_CODE = YES;
				CLANG_WARN__DUPLICATE_METHOD_MATCH = YES;
				COPY_PHASE_STRIP = NO;
				DEBUG_INFORMATION_FORMAT = dwarf;
				ENABLE_STRICT_OBJC_MSGSEND = YES;
				ENABLE_TESTABILITY = YES;
				GCC_C_LANGUAGE_STANDARD = gnu11;
				GCC_DYNAMIC_NO_PIC = NO;
				GCC_NO_COMMON_BLOCKS = YES;
				GCC_OPTIMIZATION_LEVEL = 0;
				GCC_PREPROCESSOR_DEFINITIONS = (
					"DEBUG=1",
					"$(inherited)",
				);
				GCC_WARN_64_TO_32_BIT_CONVERSION = YES;
				GCC_WARN_ABOUT_RETURN_TYPE = YES_ERROR;
				GCC_WARN_UNDECLARED_SELECTOR = YES;
				GCC_WARN_UNINITIALIZED_AUTOS = YES_AGGRESSIVE;
				GCC_WARN_UNUSED_FUNCTION = YES;
				GCC_WARN_UNUSED_VARIABLE = YES;
				IPHONEOS_DEPLOYMENT_TARGET = 15.2;
				MTL_ENABLE_DEBUG_INFO = INCLUDE_SOURCE;
				MTL_FAST_MATH = YES;
				ONLY_ACTIVE_ARCH = YES;
				SDKROOT = iphoneos;
				SWIFT_ACTIVE_COMPILATION_CONDITIONS = DEBUG;
				SWIFT_OPTIMIZATION_LEVEL = "-Onone";
			};
			name = Debug;
		};
		E03C6D832913F93E00B9D775 /* Release */ = {
			isa = XCBuildConfiguration;
			buildSettings = {
				ALWAYS_SEARCH_USER_PATHS = NO;
				CLANG_ANALYZER_NONNULL = YES;
				CLANG_ANALYZER_NUMBER_OBJECT_CONVERSION = YES_AGGRESSIVE;
				CLANG_CXX_LANGUAGE_STANDARD = "gnu++17";
				CLANG_CXX_LIBRARY = "libc++";
				CLANG_ENABLE_MODULES = YES;
				CLANG_ENABLE_OBJC_ARC = YES;
				CLANG_ENABLE_OBJC_WEAK = YES;
				CLANG_WARN_BLOCK_CAPTURE_AUTORELEASING = YES;
				CLANG_WARN_BOOL_CONVERSION = YES;
				CLANG_WARN_COMMA = YES;
				CLANG_WARN_CONSTANT_CONVERSION = YES;
				CLANG_WARN_DEPRECATED_OBJC_IMPLEMENTATIONS = YES;
				CLANG_WARN_DIRECT_OBJC_ISA_USAGE = YES_ERROR;
				CLANG_WARN_DOCUMENTATION_COMMENTS = YES;
				CLANG_WARN_EMPTY_BODY = YES;
				CLANG_WARN_ENUM_CONVERSION = YES;
				CLANG_WARN_INFINITE_RECURSION = YES;
				CLANG_WARN_INT_CONVERSION = YES;
				CLANG_WARN_NON_LITERAL_NULL_CONVERSION = YES;
				CLANG_WARN_OBJC_IMPLICIT_RETAIN_SELF = YES;
				CLANG_WARN_OBJC_LITERAL_CONVERSION = YES;
				CLANG_WARN_OBJC_ROOT_CLASS = YES_ERROR;
				CLANG_WARN_QUOTED_INCLUDE_IN_FRAMEWORK_HEADER = YES;
				CLANG_WARN_RANGE_LOOP_ANALYSIS = YES;
				CLANG_WARN_STRICT_PROTOTYPES = YES;
				CLANG_WARN_SUSPICIOUS_MOVE = YES;
				CLANG_WARN_UNGUARDED_AVAILABILITY = YES_AGGRESSIVE;
				CLANG_WARN_UNREACHABLE_CODE = YES;
				CLANG_WARN__DUPLICATE_METHOD_MATCH = YES;
				COPY_PHASE_STRIP = NO;
				DEBUG_INFORMATION_FORMAT = "dwarf-with-dsym";
				ENABLE_NS_ASSERTIONS = NO;
				ENABLE_STRICT_OBJC_MSGSEND = YES;
				GCC_C_LANGUAGE_STANDARD = gnu11;
				GCC_NO_COMMON_BLOCKS = YES;
				GCC_WARN_64_TO_32_BIT_CONVERSION = YES;
				GCC_WARN_ABOUT_RETURN_TYPE = YES_ERROR;
				GCC_WARN_UNDECLARED_SELECTOR = YES;
				GCC_WARN_UNINITIALIZED_AUTOS = YES_AGGRESSIVE;
				GCC_WARN_UNUSED_FUNCTION = YES;
				GCC_WARN_UNUSED_VARIABLE = YES;
				IPHONEOS_DEPLOYMENT_TARGET = 15.2;
				MTL_ENABLE_DEBUG_INFO = NO;
				MTL_FAST_MATH = YES;
				SDKROOT = iphoneos;
				SWIFT_COMPILATION_MODE = wholemodule;
				SWIFT_OPTIMIZATION_LEVEL = "-O";
				VALIDATE_PRODUCT = YES;
			};
			name = Release;
		};
		E03C6D852913F93E00B9D775 /* Debug */ = {
			isa = XCBuildConfiguration;
			buildSettings = {
				ASSETCATALOG_COMPILER_APPICON_NAME = AppIcon;
				ASSETCATALOG_COMPILER_GLOBAL_ACCENT_COLOR_NAME = AccentColor;
				CODE_SIGN_STYLE = Automatic;
				CURRENT_PROJECT_VERSION = 1;
				DEVELOPMENT_ASSET_PATHS = "\"Movie Informer/Preview Content\"";
				DEVELOPMENT_TEAM = 34J2M9FNPA;
				ENABLE_PREVIEWS = YES;
				GENERATE_INFOPLIST_FILE = YES;
				INFOPLIST_FILE = "Movie-Informer-Info.plist";
				INFOPLIST_KEY_UIApplicationSceneManifest_Generation = YES;
				INFOPLIST_KEY_UIApplicationSupportsIndirectInputEvents = YES;
				INFOPLIST_KEY_UILaunchScreen_Generation = YES;
				INFOPLIST_KEY_UISupportedInterfaceOrientations = UIInterfaceOrientationPortrait;
				IPHONEOS_DEPLOYMENT_TARGET = 15.0;
				LD_RUNPATH_SEARCH_PATHS = (
					"$(inherited)",
					"@executable_path/Frameworks",
				);
				MARKETING_VERSION = 1.0;
				PRODUCT_BUNDLE_IDENTIFIER = "com.olegFedotov.Movie-Informer";
				PRODUCT_NAME = "$(TARGET_NAME)";
				SWIFT_EMIT_LOC_STRINGS = YES;
				SWIFT_VERSION = 5.0;
				TARGETED_DEVICE_FAMILY = "1,2";
			};
			name = Debug;
		};
		E03C6D862913F93E00B9D775 /* Release */ = {
			isa = XCBuildConfiguration;
			buildSettings = {
				ASSETCATALOG_COMPILER_APPICON_NAME = AppIcon;
				ASSETCATALOG_COMPILER_GLOBAL_ACCENT_COLOR_NAME = AccentColor;
				CODE_SIGN_STYLE = Automatic;
				CURRENT_PROJECT_VERSION = 1;
				DEVELOPMENT_ASSET_PATHS = "\"Movie Informer/Preview Content\"";
				DEVELOPMENT_TEAM = 34J2M9FNPA;
				ENABLE_PREVIEWS = YES;
				GENERATE_INFOPLIST_FILE = YES;
				INFOPLIST_FILE = "Movie-Informer-Info.plist";
				INFOPLIST_KEY_UIApplicationSceneManifest_Generation = YES;
				INFOPLIST_KEY_UIApplicationSupportsIndirectInputEvents = YES;
				INFOPLIST_KEY_UILaunchScreen_Generation = YES;
				INFOPLIST_KEY_UISupportedInterfaceOrientations = UIInterfaceOrientationPortrait;
				IPHONEOS_DEPLOYMENT_TARGET = 15.0;
				LD_RUNPATH_SEARCH_PATHS = (
					"$(inherited)",
					"@executable_path/Frameworks",
				);
				MARKETING_VERSION = 1.0;
				PRODUCT_BUNDLE_IDENTIFIER = "com.olegFedotov.Movie-Informer";
				PRODUCT_NAME = "$(TARGET_NAME)";
				SWIFT_EMIT_LOC_STRINGS = YES;
				SWIFT_VERSION = 5.0;
				TARGETED_DEVICE_FAMILY = "1,2";
			};
			name = Release;
		};
/* End XCBuildConfiguration section */

/* Begin XCConfigurationList section */
		E03C6D712913F93D00B9D775 /* Build configuration list for PBXProject "Movie Informer" */ = {
			isa = XCConfigurationList;
			buildConfigurations = (
				E03C6D822913F93E00B9D775 /* Debug */,
				E03C6D832913F93E00B9D775 /* Release */,
			);
			defaultConfigurationIsVisible = 0;
			defaultConfigurationName = Release;
		};
		E03C6D842913F93E00B9D775 /* Build configuration list for PBXNativeTarget "Movie Informer" */ = {
			isa = XCConfigurationList;
			buildConfigurations = (
				E03C6D852913F93E00B9D775 /* Debug */,
				E03C6D862913F93E00B9D775 /* Release */,
			);
			defaultConfigurationIsVisible = 0;
			defaultConfigurationName = Release;
		};
/* End XCConfigurationList section */

/* Begin XCRemoteSwiftPackageReference section */
		E03C6D872913FCE000B9D775 /* XCRemoteSwiftPackageReference "realm-swift" */ = {
			isa = XCRemoteSwiftPackageReference;
			repositoryURL = "https://github.com/realm/realm-swift.git";
			requirement = {
				kind = upToNextMajorVersion;
				minimumVersion = 10.32.2;
			};
		};
/* End XCRemoteSwiftPackageReference section */

/* Begin XCSwiftPackageProductDependency section */
		E03C6D882913FCE000B9D775 /* Realm */ = {
			isa = XCSwiftPackageProductDependency;
			package = E03C6D872913FCE000B9D775 /* XCRemoteSwiftPackageReference "realm-swift" */;
			productName = Realm;
		};
		E03C6D8A2913FCE000B9D775 /* RealmSwift */ = {
			isa = XCSwiftPackageProductDependency;
			package = E03C6D872913FCE000B9D775 /* XCRemoteSwiftPackageReference "realm-swift" */;
			productName = RealmSwift;
		};
/* End XCSwiftPackageProductDependency section */
	};
	rootObject = E03C6D6E2913F93D00B9D775 /* Project object */;
}
